
Microsoft Visual Studio Solution File, Format Version 12.00
# Visual Studio Version 17
VisualStudioVersion = 17.10.34928.147
MinimumVisualStudioVersion = 10.0.40219.1
Project("{FAE04EC0-301F-11D3-BF4B-00C04F79EFBC}") = "FileGenerator", "FileGenerator\FileGenerator.csproj", "{501B1F12-C5B5-4201-BCF9-0158D8C033DD}"
EndProject
Global
	GlobalSection(SolutionConfigurationPlatforms) = preSolution
		Debug|Any CPU = Debug|Any CPU
		Release|Any CPU = Release|Any CPU
	EndGlobalSection
	GlobalSection(ProjectConfigurationPlatforms) = postSolution
		{501B1F12-C5B5-4201-BCF9-0158D8C033DD}.Debug|Any CPU.ActiveCfg = Debug|Any CPU
		{501B1F12-C5B5-4201-BCF9-0158D8C033DD}.Debug|Any CPU.Build.0 = Debug|Any CPU
		{501B1F12-C5B5-4201-BCF9-0158D8C033DD}.Release|Any CPU.ActiveCfg = Release|Any CPU
		{501B1F12-C5B5-4201-BCF9-0158D8C033DD}.Release|Any CPU.Build.0 = Release|Any CPU
	EndGlobalSection
	GlobalSection(SolutionProperties) = preSolution
		HideSolutionNode = FALSE
	EndGlobalSection
	GlobalSection(ExtensibilityGlobals) = postSolution
		SolutionGuid = {7B3D8EB4-4357-4BC9-9DAD-052AA3259753}
	EndGlobalSection
EndGlobal
